
Microsoft Visual Studio Solution File, Format Version 12.00
# Visual Studio 2012
Project("{FAE04EC0-301F-11D3-BF4B-00C04F79EFBC}") = "ArduinoC3", "ArduinoC3\ArduinoC3.csproj", "{AB946FC2-8870-42C1-B533-B1D1C9A5D593}"
EndProject
Global
	GlobalSection(SolutionConfigurationPlatforms) = preSolution
		Debug|Any CPU = Debug|Any CPU
		Release|Any CPU = Release|Any CPU
	EndGlobalSection
	GlobalSection(ProjectConfigurationPlatforms) = postSolution
		{AB946FC2-8870-42C1-B533-B1D1C9A5D593}.Debug|Any CPU.ActiveCfg = Debug|Any CPU
		{AB946FC2-8870-42C1-B533-B1D1C9A5D593}.Debug|Any CPU.Build.0 = Debug|Any CPU
		{AB946FC2-8870-42C1-B533-B1D1C9A5D593}.Release|Any CPU.ActiveCfg = Release|Any CPU
		{AB946FC2-8870-42C1-B533-B1D1C9A5D593}.Release|Any CPU.Build.0 = Release|Any CPU
	EndGlobalSection
	GlobalSection(SolutionProperties) = preSolution
		HideSolutionNode = FALSE
	EndGlobalSection
EndGlobal
